
Microsoft Visual Studio Solution File, Format Version 12.00
# Visual Studio Version 16
VisualStudioVersion = 16.0.33328.57
MinimumVisualStudioVersion = 10.0.40219.1
Project("{FAE04EC0-301F-11D3-BF4B-00C04F79EFBC}") = "RecipeApp", "RecipeApp\RecipeApp.csproj", "{0852EE58-14DD-4A1A-A0B1-909C45414344}"
EndProject
Global
	GlobalSection(SolutionConfigurationPlatforms) = preSolution
		Debug|Any CPU = Debug|Any CPU
		Release|Any CPU = Release|Any CPU
	EndGlobalSection
	GlobalSection(ProjectConfigurationPlatforms) = postSolution
		{0852EE58-14DD-4A1A-A0B1-909C45414344}.Debug|Any CPU.ActiveCfg = Debug|Any CPU
		{0852EE58-14DD-4A1A-A0B1-909C45414344}.Debug|Any CPU.Build.0 = Debug|Any CPU
		{0852EE58-14DD-4A1A-A0B1-909C45414344}.Release|Any CPU.ActiveCfg = Release|Any CPU
		{0852EE58-14DD-4A1A-A0B1-909C45414344}.Release|Any CPU.Build.0 = Release|Any CPU
	EndGlobalSection
	GlobalSection(SolutionProperties) = preSolution
		HideSolutionNode = FALSE
	EndGlobalSection
	GlobalSection(ExtensibilityGlobals) = postSolution
		SolutionGuid = {4CCA11D9-F319-424D-B3C2-1784FBF440FA}
	EndGlobalSection
EndGlobal
